github.com/ethereum/go-ethereum v1.14.8 h1:NgOWvXS+lauK+zFukEvi85UmmsS/OkV0N23UZ1VTIig=
github.com/ethereum/go-ethereum v1.14.8/go.mod h1:TJhyuDq0JDppAkFXgqjwpdlQApywnu/m10kFPxh8vvs=
github.com/holiman/uint256 v1.3.1 h1:JfTzmih28bittyHM8z360dCjIA9dbPIBlcTI6lmctQs=
github.com/holiman/uint256 v1.3.1/go.mod h1:EOMSn4q6Nyt9P6efbI3bueV4e1b3dGlUCXeiRV4ng7E=
